{
	"name": "@kartotherian/babel",
	"version": "0.3.1",
	"lockfileVersion": 1,
	"requires": true,
	"dependencies": {
		"@kartotherian/core": {
			"version": "0.1.3",
			"resolved": "https://registry.npmjs.org/@kartotherian/core/-/core-0.1.3.tgz",
			"integrity": "sha512-JEjHkGQsbzhSMtZdLz34KkI3w003mClWceyG9Sg5ED/Un8rCCY9Ku6mYnN6Vife3FjYgbRuC/4TMrxf6hRJcmQ==",
			"dev": true,
			"requires": {
				"@kartotherian/err": "^0.0.3",
				"@kartotherian/input-validator": "^0.0.6",
				"@kartotherian/module-loader": "^0.0.5",
				"bluebird": "^3.5.0",
				"js-yaml": "^3.8.2",
				"quadtile-index": "^0.0.6",
				"tilelive-promise": "^2.0.0",
				"typedarray-to-buffer": "^3.1.2",
				"underscore": "^1.8.3"
			},
			"dependencies": {
				"@kartotherian/err": {
					"version": "0.0.3",
					"resolved": "https://registry.npmjs.org/@kartotherian/err/-/err-0.0.3.tgz",
					"integrity": "sha1-54wtdj+gOZnzlIiBkjUrbYkSG9w=",
					"dev": true
				},
				"@kartotherian/input-validator": {
					"version": "0.0.6",
					"resolved": "https://registry.npmjs.org/@kartotherian/input-validator/-/input-validator-0.0.6.tgz",
					"integrity": "sha1-BIrMMmruKKiWghbzrR+J2jEtYE4=",
					"dev": true,
					"requires": {
						"@kartotherian/err": "^0.0.3",
						"quadtile-index": "^0.0.6",
						"underscore": "^1.8.3"
					}
				},
				"@kartotherian/module-loader": {
					"version": "0.0.5",
					"resolved": "https://registry.npmjs.org/@kartotherian/module-loader/-/module-loader-0.0.5.tgz",
					"integrity": "sha1-DX/NH/xFxr5miM4CaBLsquvatjQ=",
					"dev": true,
					"requires": {
						"@kartotherian/err": "^0.0.3",
						"@kartotherian/input-validator": "^0.0.6",
						"bluebird": "^3.5.0",
						"js-yaml": "^3.8.2",
						"underscore": "^1.8.3",
						"xmldoc": "git+https://github.com/nyurik/xmldoc.git"
					}
				},
				"argparse": {
					"version": "1.0.10",
					"resolved": "https://registry.npmjs.org/argparse/-/argparse-1.0.10.tgz",
					"integrity": "sha512-o5Roy6tNG4SL/FOkCAN6RzjiakZS25RLYFrcMttJqbdd8BWrnA+fGz57iN5Pb06pvBGvl5gQ0B48dJlslXvoTg==",
					"dev": true,
					"requires": {
						"sprintf-js": "~1.0.2"
					}
				},
				"esprima": {
					"version": "4.0.1",
					"resolved": "https://registry.npmjs.org/esprima/-/esprima-4.0.1.tgz",
					"integrity": "sha512-eGuFFw7Upda+g4p+QHvnW0RyTX/SVeJBDM/gCtMARO0cLuT2HcEKnTPvhjV6aGeqrCB/sbNop0Kszm0jsaWU4A==",
					"dev": true
				},
				"js-yaml": {
					"version": "3.13.1",
					"resolved": "https://registry.npmjs.org/js-yaml/-/js-yaml-3.13.1.tgz",
					"integrity": "sha512-YfbcO7jXDdyj0DGxYVSlSeQNHbD7XPWvrVWeVUujrQEoZzWJIRrCPoyk6kL6IAjAG2IolMK4T0hNUe0HOUs5Jw==",
					"dev": true,
					"requires": {
						"argparse": "^1.0.7",
						"esprima": "^4.0.0"
					}
				},
				"quadtile-index": {
					"version": "0.0.6",
					"resolved": "https://registry.npmjs.org/quadtile-index/-/quadtile-index-0.0.6.tgz",
					"integrity": "sha1-B4/cdmwuHTwoj07SQIQrxb74Wos=",
					"dev": true
				},
				"sax": {
					"version": "1.1.6",
					"resolved": "https://registry.npmjs.org/sax/-/sax-1.1.6.tgz",
					"integrity": "sha1-XWFr6KXmB9VOEUr65Vt+ry/MMkA=",
					"dev": true
				},
				"sprintf-js": {
					"version": "1.0.3",
					"resolved": "https://registry.npmjs.org/sprintf-js/-/sprintf-js-1.0.3.tgz",
					"integrity": "sha1-BOaSb2YolTVPPdAVIDYzuFcpfiw=",
					"dev": true
				},
				"tilelive-promise": {
					"version": "2.0.0",
					"resolved": "https://registry.npmjs.org/tilelive-promise/-/tilelive-promise-2.0.0.tgz",
					"integrity": "sha1-YgwZugoE93YZn5nloj+Un6BAxTI=",
					"dev": true,
					"requires": {
						"quadtile-index": "^0.0.6"
					}
				},
				"underscore": {
					"version": "1.9.1",
					"resolved": "https://registry.npmjs.org/underscore/-/underscore-1.9.1.tgz",
					"integrity": "sha512-5/4etnCkd9c8gwgowi5/om/mYO5ajCaOgdzj/oW+0eQV9WxKBDZw5+ycmKmeaTXjInS/W0BzpGLo2xR2aBwZdg==",
					"dev": true
				},
				"xmldoc": {
					"version": "git+https://github.com/nyurik/xmldoc.git#3107ca5fe10227539299fb1bb82992d5b824bc37",
					"from": "git+https://github.com/nyurik/xmldoc.git",
					"dev": true,
					"requires": {
						"sax": "~1.1.1"
					}
				}
			}
		},
		"bluebird": {
			"version": "3.7.1",
			"resolved": "https://registry.npmjs.org/bluebird/-/bluebird-3.7.1.tgz",
			"integrity": "sha512-DdmyoGCleJnkbp3nkbxTLJ18rjDsE4yCggEwKNXkeV123sPNfOCYeDoeuOY+F2FrSjO1YXcTU+dsy96KMy+gcg=="
		},
		"typedarray-to-buffer": {
			"version": "3.1.5",
			"resolved": "https://registry.npmjs.org/typedarray-to-buffer/-/typedarray-to-buffer-3.1.5.tgz",
			"integrity": "sha512-zdu8XMNEDepKKR+XYOXAVPtWui0ly0NtohUscw+UmaHiAWT8hrV1rr//H6V+0DvJ3OQ19S979M0laLfX8rm82Q==",
			"dev": true,
			"requires": {
				"is-typedarray": "^1.0.0"
			},
			"dependencies": {
				"is-typedarray": {
					"version": "1.0.0",
					"resolved": "https://registry.npmjs.org/is-typedarray/-/is-typedarray-1.0.0.tgz",
					"integrity": "sha1-5HnICFjfDBsR3dppQPlgEfzaSpo=",
					"dev": true
				}
			}
		}
	}
}
